# THIS IS AN AUTOGENERATED FILE. DO NOT EDIT THIS FILE DIRECTLY.
# yarn lockfile v1


tslib@^2.0.1:
  version "2.0.1"
  resolved "https://registry.yarnpkg.com/tslib/-/tslib-2.0.1.tgz#410eb0d113e5b6356490eec749603725b021b43e"
  integrity sha512-SgIkNheinmEBgx1IUNirK0TUD4X9yjjBRTqqjggWCU3pUEqIk3/Uwl3yRixYKT6WjQuGiwDv4NomL3wqRCj+CQ==

win-node-env@^0.4.0:
  version "0.4.0"
  resolved "https://registry.yarnpkg.com/win-node-env/-/win-node-env-0.4.0.tgz#2d9dc991702920c73eaa1d644655b773886da5cb"
  integrity sha512-bf4TV/NOBEazlHJW/bOns7u2JaHe3f5bz8BYanm/xuqJ405NG9OK3VAI1Y2WvHJsAo4GMU8EYTHSh59Q3UfHvA==
